// !$*UTF8*$!
{
	archiveVersion = 1;
	classes = {
	};
	objectVersion = 55;
	objects = {

/* Begin PBXBuildFile section */
		7E06E30C29038F5E00FDC77F /* ItemDetailViewController.swift in Sources */ = {isa = PBXBuildFile; fileRef = 7E06E30B29038F5E00FDC77F /* ItemDetailViewController.swift */; };
		7E29CF62291046B300A02604 /* AllListsViewController.swift in Sources */ = {isa = PBXBuildFile; fileRef = 7E29CF61291046B300A02604 /* AllListsViewController.swift */; };
		7E4AA38F29021E44001300EA /* ChecklistItem.swift in Sources */ = {isa = PBXBuildFile; fileRef = 7E4AA38E29021E44001300EA /* ChecklistItem.swift */; };
		7E557D6228FF633900BAB88D /* AppDelegate.swift in Sources */ = {isa = PBXBuildFile; fileRef = 7E557D6128FF633900BAB88D /* AppDelegate.swift */; };
		7E557D6428FF633900BAB88D /* SceneDelegate.swift in Sources */ = {isa = PBXBuildFile; fileRef = 7E557D6328FF633900BAB88D /* SceneDelegate.swift */; };
		7E557D6628FF633900BAB88D /* ChecklistViewController.swift in Sources */ = {isa = PBXBuildFile; fileRef = 7E557D6528FF633900BAB88D /* ChecklistViewController.swift */; };
		7E557D6928FF633900BAB88D /* Main.storyboard in Resources */ = {isa = PBXBuildFile; fileRef = 7E557D6728FF633900BAB88D /* Main.storyboard */; };
		7E557D6B28FF634000BAB88D /* Assets.xcassets in Resources */ = {isa = PBXBuildFile; fileRef = 7E557D6A28FF634000BAB88D /* Assets.xcassets */; };
		7E557D6E28FF634000BAB88D /* LaunchScreen.storyboard in Resources */ = {isa = PBXBuildFile; fileRef = 7E557D6C28FF634000BAB88D /* LaunchScreen.storyboard */; };
		7E8CF7672914B74C00F8EF18 /* DataModel.swift in Sources */ = {isa = PBXBuildFile; fileRef = 7E8CF7662914B73B00F8EF18 /* DataModel.swift */; };
		7EB750BF2911A20D0060F23A /* Checklist.swift in Sources */ = {isa = PBXBuildFile; fileRef = 7EB750BE2911A20C0060F23A /* Checklist.swift */; };
		7EB750C12911E85F0060F23A /* ListDetailViewController.swift in Sources */ = {isa = PBXBuildFile; fileRef = 7EB750C02911E85F0060F23A /* ListDetailViewController.swift */; };
/* End PBXBuildFile section */

/* Begin PBXFileReference section */
		7E06E30B29038F5E00FDC77F /* ItemDetailViewController.swift */ = {isa = PBXFileReference; lastKnownFileType = sourcecode.swift; path = ItemDetailViewController.swift; sourceTree = "<group>"; };
		7E29CF61291046B300A02604 /* AllListsViewController.swift */ = {isa = PBXFileReference; lastKnownFileType = sourcecode.swift; path = AllListsViewController.swift; sourceTree = "<group>"; };
		7E4AA38E29021E44001300EA /* ChecklistItem.swift */ = {isa = PBXFileReference; lastKnownFileType = sourcecode.swift; path = ChecklistItem.swift; sourceTree = "<group>"; };
		7E557D5E28FF633900BAB88D /* checklist.app */ = {isa = PBXFileReference; explicitFileType = wrapper.application; includeInIndex = 0; path = checklist.app; sourceTree = BUILT_PRODUCTS_DIR; };
		7E557D6128FF633900BAB88D /* AppDelegate.swift */ = {isa = PBXFileReference; lastKnownFileType = sourcecode.swift; path = AppDelegate.swift; sourceTree = "<group>"; };
		7E557D6328FF633900BAB88D /* SceneDelegate.swift */ = {isa = PBXFileReference; lastKnownFileType = sourcecode.swift; path = SceneDelegate.swift; sourceTree = "<group>"; };
		7E557D6528FF633900BAB88D /* ChecklistViewController.swift */ = {isa = PBXFileReference; lastKnownFileType = sourcecode.swift; path = ChecklistViewController.swift; sourceTree = "<group>"; };
		7E557D6828FF633900BAB88D /* Base */ = {isa = PBXFileReference; lastKnownFileType = file.storyboard; name = Base; path = Base.lproj/Main.storyboard; sourceTree = "<group>"; };
		7E557D6A28FF634000BAB88D /* Assets.xcassets */ = {isa = PBXFileReference; lastKnownFileType = folder.assetcatalog; path = Assets.xcassets; sourceTree = "<group>"; };
		7E557D6D28FF634000BAB88D /* Base */ = {isa = PBXFileReference; lastKnownFileType = file.storyboard; name = Base; path = Base.lproj/LaunchScreen.storyboard; sourceTree = "<group>"; };
		7E557D6F28FF634000BAB88D /* Info.plist */ = {isa = PBXFileReference; lastKnownFileType = text.plist.xml; path = Info.plist; sourceTree = "<group>"; };
		7E8CF7662914B73B00F8EF18 /* DataModel.swift */ = {isa = PBXFileReference; lastKnownFileType = sourcecode.swift; path = DataModel.swift; sourceTree = "<group>"; };
		7EB750BE2911A20C0060F23A /* Checklist.swift */ = {isa = PBXFileReference; lastKnownFileType = sourcecode.swift; path = Checklist.swift; sourceTree = "<group>"; };
		7EB750C02911E85F0060F23A /* ListDetailViewController.swift */ = {isa = PBXFileReference; lastKnownFileType = sourcecode.swift; path = ListDetailViewController.swift; sourceTree = "<group>"; };
/* End PBXFileReference section */

/* Begin PBXFrameworksBuildPhase section */
		7E557D5B28FF633900BAB88D /* Frameworks */ = {
			isa = PBXFrameworksBuildPhase;
			buildActionMask = 2147483647;
			files = (
			);
			runOnlyForDeploymentPostprocessing = 0;
		};
/* End PBXFrameworksBuildPhase section */

/* Begin PBXGroup section */
		7E557D5528FF633900BAB88D = {
			isa = PBXGroup;
			children = (
				7E557D6028FF633900BAB88D /* checklist */,
				7E557D5F28FF633900BAB88D /* Products */,
			);
			sourceTree = "<group>";
		};
		7E557D5F28FF633900BAB88D /* Products */ = {
			isa = PBXGroup;
			children = (
				7E557D5E28FF633900BAB88D /* checklist.app */,
			);
			name = Products;
			sourceTree = "<group>";
		};
		7E557D6028FF633900BAB88D /* checklist */ = {
			isa = PBXGroup;
			children = (
				7E67CEBA29160E5E00E7EE5D /* Resources */,
				7E67CEB929160E2A00E7EE5D /* View Controllers */,
				7E67CEB829160DF800E7EE5D /* Data Models */,
				7E557D6128FF633900BAB88D /* AppDelegate.swift */,
				7E557D6328FF633900BAB88D /* SceneDelegate.swift */,
				7E557D6F28FF634000BAB88D /* Info.plist */,
			);
			path = checklist;
			sourceTree = "<group>";
		};
		7E67CEB829160DF800E7EE5D /* Data Models */ = {
			isa = PBXGroup;
			children = (
				7EB750BE2911A20C0060F23A /* Checklist.swift */,
				7E4AA38E29021E44001300EA /* ChecklistItem.swift */,
				7E8CF7662914B73B00F8EF18 /* DataModel.swift */,
			);
			path = "Data Models";
			sourceTree = "<group>";
		};
		7E67CEB929160E2A00E7EE5D /* View Controllers */ = {
			isa = PBXGroup;
			children = (
				7E29CF61291046B300A02604 /* AllListsViewController.swift */,
				7E557D6528FF633900BAB88D /* ChecklistViewController.swift */,
				7E06E30B29038F5E00FDC77F /* ItemDetailViewController.swift */,
				7EB750C02911E85F0060F23A /* ListDetailViewController.swift */,
			);
			path = "View Controllers";
			sourceTree = "<group>";
		};
		7E67CEBA29160E5E00E7EE5D /* Resources */ = {
			isa = PBXGroup;
			children = (
				7E557D6A28FF634000BAB88D /* Assets.xcassets */,
				7E557D6C28FF634000BAB88D /* LaunchScreen.storyboard */,
				7E557D6728FF633900BAB88D /* Main.storyboard */,
			);
			path = Resources;
			sourceTree = "<group>";
		};
/* End PBXGroup section */

/* Begin PBXNativeTarget section */
		7E557D5D28FF633900BAB88D /* checklist */ = {
			isa = PBXNativeTarget;
			buildConfigurationList = 7E557D7228FF634000BAB88D /* Build configuration list for PBXNativeTarget "checklist" */;
			buildPhases = (
				7E557D5A28FF633900BAB88D /* Sources */,
				7E557D5B28FF633900BAB88D /* Frameworks */,
				7E557D5C28FF633900BAB88D /* Resources */,
			);
			buildRules = (
			);
			dependencies = (
			);
			name = checklist;
			productName = checklist;
			productReference = 7E557D5E28FF633900BAB88D /* checklist.app */;
			productType = "com.apple.product-type.application";
		};
/* End PBXNativeTarget section */

/* Begin PBXProject section */
		7E557D5628FF633900BAB88D /* Project object */ = {
			isa = PBXProject;
			attributes = {
				BuildIndependentTargetsInParallel = 1;
				LastSwiftUpdateCheck = 1340;
				LastUpgradeCheck = 1340;
				TargetAttributes = {
					7E557D5D28FF633900BAB88D = {
						CreatedOnToolsVersion = 13.4.1;
					};
				};
			};
			buildConfigurationList = 7E557D5928FF633900BAB88D /* Build configuration list for PBXProject "checklist" */;
			compatibilityVersion = "Xcode 13.0";
			developmentRegion = en;
			hasScannedForEncodings = 0;
			knownRegions = (
				en,
				Base,
			);
			mainGroup = 7E557D5528FF633900BAB88D;
			productRefGroup = 7E557D5F28FF633900BAB88D /* Products */;
			projectDirPath = "";
			projectRoot = "";
			targets = (
				7E557D5D28FF633900BAB88D /* checklist */,
			);
		};
/* End PBXProject section */

/* Begin PBXResourcesBuildPhase section */
		7E557D5C28FF633900BAB88D /* Resources */ = {
			isa = PBXResourcesBuildPhase;
			buildActionMask = 2147483647;
			files = (
				7E557D6E28FF634000BAB88D /* LaunchScreen.storyboard in Resources */,
				7E557D6B28FF634000BAB88D /* Assets.xcassets in Resources */,
				7E557D6928FF633900BAB88D /* Main.storyboard in Resources */,
			);
			runOnlyForDeploymentPostprocessing = 0;
		};
/* End PBXResourcesBuildPhase section */

/* Begin PBXSourcesBuildPhase section */
		7E557D5A28FF633900BAB88D /* Sources */ = {
			isa = PBXSourcesBuildPhase;
			buildActionMask = 2147483647;
			files = (
				7E557D6628FF633900BAB88D /* ChecklistViewController.swift in Sources */,
				7E06E30C29038F5E00FDC77F /* ItemDetailViewController.swift in Sources */,
				7E29CF62291046B300A02604 /* AllListsViewController.swift in Sources */,
				7E557D6228FF633900BAB88D /* AppDelegate.swift in Sources */,
				7E557D6428FF633900BAB88D /* SceneDelegate.swift in Sources */,
				7E4AA38F29021E44001300EA /* ChecklistItem.swift in Sources */,
				7EB750BF2911A20D0060F23A /* Checklist.swift in Sources */,
				7EB750C12911E85F0060F23A /* ListDetailViewController.swift in Sources */,
				7E8CF7672914B74C00F8EF18 /* DataModel.swift in Sources */,
			);
			runOnlyForDeploymentPostprocessing = 0;
		};
/* End PBXSourcesBuildPhase section */

/* Begin PBXVariantGroup section */
		7E557D6728FF633900BAB88D /* Main.storyboard */ = {
			isa = PBXVariantGroup;
			children = (
				7E557D6828FF633900BAB88D /* Base */,
			);
			name = Main.storyboard;
			sourceTree = "<group>";
		};
		7E557D6C28FF634000BAB88D /* LaunchScreen.storyboard */ = {
			isa = PBXVariantGroup;
			children = (
				7E557D6D28FF634000BAB88D /* Base */,
			);
			name = LaunchScreen.storyboard;
			sourceTree = "<group>";
		};
/* End PBXVariantGroup section */

/* Begin XCBuildConfiguration section */
		7E557D7028FF634000BAB88D /* Debug */ = {
			isa = XCBuildConfiguration;
			buildSettings = {
				ALWAYS_SEARCH_USER_PATHS = NO;
				CLANG_ANALYZER_NONNULL = YES;
				CLANG_ANALYZER_NUMBER_OBJECT_CONVERSION = YES_AGGRESSIVE;
				CLANG_CXX_LANGUAGE_STANDARD = "gnu++17";
				CLANG_ENABLE_MODULES = YES;
				CLANG_ENABLE_OBJC_ARC = YES;
				CLANG_ENABLE_OBJC_WEAK = YES;
				CLANG_WARN_BLOCK_CAPTURE_AUTORELEASING = YES;
				CLANG_WARN_BOOL_CONVERSION = YES;
				CLANG_WARN_COMMA = YES;
				CLANG_WARN_CONSTANT_CONVERSION = YES;
				CLANG_WARN_DEPRECATED_OBJC_IMPLEMENTATIONS = YES;
				CLANG_WARN_DIRECT_OBJC_ISA_USAGE = YES_ERROR;
				CLANG_WARN_DOCUMENTATION_COMMENTS = YES;
				CLANG_WARN_EMPTY_BODY = YES;
				CLANG_WARN_ENUM_CONVERSION = YES;
				CLANG_WARN_INFINITE_RECURSION = YES;
				CLANG_WARN_INT_CONVERSION = YES;
				CLANG_WARN_NON_LITERAL_NULL_CONVERSION = YES;
				CLANG_WARN_OBJC_IMPLICIT_RETAIN_SELF = YES;
				CLANG_WARN_OBJC_LITERAL_CONVERSION = YES;
				CLANG_WARN_OBJC_ROOT_CLASS = YES_ERROR;
				CLANG_WARN_QUOTED_INCLUDE_IN_FRAMEWORK_HEADER = YES;
				CLANG_WARN_RANGE_LOOP_ANALYSIS = YES;
				CLANG_WARN_STRICT_PROTOTYPES = YES;
				CLANG_WARN_SUSPICIOUS_MOVE = YES;
				CLANG_WARN_UNGUARDED_AVAILABILITY = YES_AGGRESSIVE;
				CLANG_WARN_UNREACHABLE_CODE = YES;
				CLANG_WARN__DUPLICATE_METHOD_MATCH = YES;
				COPY_PHASE_STRIP = NO;
				DEBUG_INFORMATION_FORMAT = dwarf;
				ENABLE_STRICT_OBJC_MSGSEND = YES;
				ENABLE_TESTABILITY = YES;
				GCC_C_LANGUAGE_STANDARD = gnu11;
				GCC_DYNAMIC_NO_PIC = NO;
				GCC_NO_COMMON_BLOCKS = YES;
				GCC_OPTIMIZATION_LEVEL = 0;
				GCC_PREPROCESSOR_DEFINITIONS = (
					"DEBUG=1",
					"$(inherited)",
				);
				GCC_WARN_64_TO_32_BIT_CONVERSION = YES;
				GCC_WARN_ABOUT_RETURN_TYPE = YES_ERROR;
				GCC_WARN_UNDECLARED_SELECTOR = YES;
				GCC_WARN_UNINITIALIZED_AUTOS = YES_AGGRESSIVE;
				GCC_WARN_UNUSED_FUNCTION = YES;
				GCC_WARN_UNUSED_VARIABLE = YES;
				IPHONEOS_DEPLOYMENT_TARGET = 15.5;
				MTL_ENABLE_DEBUG_INFO = INCLUDE_SOURCE;
				MTL_FAST_MATH = YES;
				ONLY_ACTIVE_ARCH = YES;
				SDKROOT = iphoneos;
				SWIFT_ACTIVE_COMPILATION_CONDITIONS = DEBUG;
				SWIFT_OPTIMIZATION_LEVEL = "-Onone";
			};
			name = Debug;
		};
		7E557D7128FF634000BAB88D /* Release */ = {
			isa = XCBuildConfiguration;
			buildSettings = {
				ALWAYS_SEARCH_USER_PATHS = NO;
				CLANG_ANALYZER_NONNULL = YES;
				CLANG_ANALYZER_NUMBER_OBJECT_CONVERSION = YES_AGGRESSIVE;
				CLANG_CXX_LANGUAGE_STANDARD = "gnu++17";
				CLANG_ENABLE_MODULES = YES;
				CLANG_ENABLE_OBJC_ARC = YES;
				CLANG_ENABLE_OBJC_WEAK = YES;
				CLANG_WARN_BLOCK_CAPTURE_AUTORELEASING = YES;
				CLANG_WARN_BOOL_CONVERSION = YES;
				CLANG_WARN_COMMA = YES;
				CLANG_WARN_CONSTANT_CONVERSION = YES;
				CLANG_WARN_DEPRECATED_OBJC_IMPLEMENTATIONS = YES;
				CLANG_WARN_DIRECT_OBJC_ISA_USAGE = YES_ERROR;
				CLANG_WARN_DOCUMENTATION_COMMENTS = YES;
				CLANG_WARN_EMPTY_BODY = YES;
				CLANG_WARN_ENUM_CONVERSION = YES;
				CLANG_WARN_INFINITE_RECURSION = YES;
				CLANG_WARN_INT_CONVERSION = YES;
				CLANG_WARN_NON_LITERAL_NULL_CONVERSION = YES;
				CLANG_WARN_OBJC_IMPLICIT_RETAIN_SELF = YES;
				CLANG_WARN_OBJC_LITERAL_CONVERSION = YES;
				CLANG_WARN_OBJC_ROOT_CLASS = YES_ERROR;
				CLANG_WARN_QUOTED_INCLUDE_IN_FRAMEWORK_HEADER = YES;
				CLANG_WARN_RANGE_LOOP_ANALYSIS = YES;
				CLANG_WARN_STRICT_PROTOTYPES = YES;
				CLANG_WARN_SUSPICIOUS_MOVE = YES;
				CLANG_WARN_UNGUARDED_AVAILABILITY = YES_AGGRESSIVE;
				CLANG_WARN_UNREACHABLE_CODE = YES;
				CLANG_WARN__DUPLICATE_METHOD_MATCH = YES;
				COPY_PHASE_STRIP = NO;
				DEBUG_INFORMATION_FORMAT = "dwarf-with-dsym";
				ENABLE_NS_ASSERTIONS = NO;
				ENABLE_STRICT_OBJC_MSGSEND = YES;
				GCC_C_LANGUAGE_STANDARD = gnu11;
				GCC_NO_COMMON_BLOCKS = YES;
				GCC_WARN_64_TO_32_BIT_CONVERSION = YES;
				GCC_WARN_ABOUT_RETURN_TYPE = YES_ERROR;
				GCC_WARN_UNDECLARED_SELECTOR = YES;
				GCC_WARN_UNINITIALIZED_AUTOS = YES_AGGRESSIVE;
				GCC_WARN_UNUSED_FUNCTION = YES;
				GCC_WARN_UNUSED_VARIABLE = YES;
				IPHONEOS_DEPLOYMENT_TARGET = 15.5;
				MTL_ENABLE_DEBUG_INFO = NO;
				MTL_FAST_MATH = YES;
				SDKROOT = iphoneos;
				SWIFT_COMPILATION_MODE = wholemodule;
				SWIFT_OPTIMIZATION_LEVEL = "-O";
				VALIDATE_PRODUCT = YES;
			};
			name = Release;
		};
		7E557D7328FF634000BAB88D /* Debug */ = {
			isa = XCBuildConfiguration;
			buildSettings = {
				ASSETCATALOG_COMPILER_APPICON_NAME = AppIcon;
				ASSETCATALOG_COMPILER_GLOBAL_ACCENT_COLOR_NAME = AccentColor;
				CODE_SIGN_STYLE = Automatic;
				CURRENT_PROJECT_VERSION = 1;
				DEVELOPMENT_TEAM = HMQ3FB95S5;
				GENERATE_INFOPLIST_FILE = YES;
				INFOPLIST_FILE = checklist/Info.plist;
				INFOPLIST_KEY_CFBundleDisplayName = Checklist;
				INFOPLIST_KEY_UIApplicationSupportsIndirectInputEvents = YES;
				INFOPLIST_KEY_UILaunchStoryboardName = LaunchScreen;
				INFOPLIST_KEY_UIMainStoryboardFile = Main;
				INFOPLIST_KEY_UISupportedInterfaceOrientations = UIInterfaceOrientationPortrait;
				INFOPLIST_KEY_UISupportedInterfaceOrientations_iPad = "UIInterfaceOrientationPortrait UIInterfaceOrientationPortraitUpsideDown UIInterfaceOrientationLandscapeLeft UIInterfaceOrientationLandscapeRight";
				INFOPLIST_KEY_UISupportedInterfaceOrientations_iPhone = "UIInterfaceOrientationPortrait UIInterfaceOrientationLandscapeLeft UIInterfaceOrientationLandscapeRight";
				LD_RUNPATH_SEARCH_PATHS = (
					"$(inherited)",
					"@executable_path/Frameworks",
				);
				MARKETING_VERSION = 1.0;
				PRODUCT_BUNDLE_IDENTIFIER = com.rigo.checklist;
				PRODUCT_NAME = "$(TARGET_NAME)";
				SWIFT_EMIT_LOC_STRINGS = YES;
				SWIFT_VERSION = 5.0;
				TARGETED_DEVICE_FAMILY = "1,2";
			};
			name = Debug;
		};
		7E557D7428FF634000BAB88D /* Release */ = {
			isa = XCBuildConfiguration;
			buildSettings = {
				ASSETCATALOG_COMPILER_APPICON_NAME = AppIcon;
				ASSETCATALOG_COMPILER_GLOBAL_ACCENT_COLOR_NAME = AccentColor;
				CODE_SIGN_STYLE = Automatic;
				CURRENT_PROJECT_VERSION = 1;
				DEVELOPMENT_TEAM = HMQ3FB95S5;
				GENERATE_INFOPLIST_FILE = YES;
				INFOPLIST_FILE = checklist/Info.plist;
				INFOPLIST_KEY_CFBundleDisplayName = Checklist;
				INFOPLIST_KEY_UIApplicationSupportsIndirectInputEvents = YES;
				INFOPLIST_KEY_UILaunchStoryboardName = LaunchScreen;
				INFOPLIST_KEY_UIMainStoryboardFile = Main;
				INFOPLIST_KEY_UISupportedInterfaceOrientations = UIInterfaceOrientationPortrait;
				INFOPLIST_KEY_UISupportedInterfaceOrientations_iPad = "UIInterfaceOrientationPortrait UIInterfaceOrientationPortraitUpsideDown UIInterfaceOrientationLandscapeLeft UIInterfaceOrientationLandscapeRight";
				INFOPLIST_KEY_UISupportedInterfaceOrientations_iPhone = "UIInterfaceOrientationPortrait UIInterfaceOrientationLandscapeLeft UIInterfaceOrientationLandscapeRight";
				LD_RUNPATH_SEARCH_PATHS = (
					"$(inherited)",
					"@executable_path/Frameworks",
				);
				MARKETING_VERSION = 1.0;
				PRODUCT_BUNDLE_IDENTIFIER = com.rigo.checklist;
				PRODUCT_NAME = "$(TARGET_NAME)";
				SWIFT_EMIT_LOC_STRINGS = YES;
				SWIFT_VERSION = 5.0;
				TARGETED_DEVICE_FAMILY = "1,2";
			};
			name = Release;
		};
/* End XCBuildConfiguration section */

/* Begin XCConfigurationList section */
		7E557D5928FF633900BAB88D /* Build configuration list for PBXProject "checklist" */ = {
			isa = XCConfigurationList;
			buildConfigurations = (
				7E557D7028FF634000BAB88D /* Debug */,
				7E557D7128FF634000BAB88D /* Release */,
			);
			defaultConfigurationIsVisible = 0;
			defaultConfigurationName = Release;
		};
		7E557D7228FF634000BAB88D /* Build configuration list for PBXNativeTarget "checklist" */ = {
			isa = XCConfigurationList;
			buildConfigurations = (
				7E557D7328FF634000BAB88D /* Debug */,
				7E557D7428FF634000BAB88D /* Release */,
			);
			defaultConfigurationIsVisible = 0;
			defaultConfigurationName = Release;
		};
/* End XCConfigurationList section */
	};
	rootObject = 7E557D5628FF633900BAB88D /* Project object */;
}
